
Microsoft Visual Studio Solution File, Format Version 12.00
# Visual Studio Version 17
VisualStudioVersion = 17.0.31903.59
MinimumVisualStudioVersion = 10.0.40219.1
Project("{FAE04EC0-301F-11D3-BF4B-00C04F79EFBC}") = "BlueMarble.SpatialIndexing", "BlueMarble.SpatialIndexing\BlueMarble.SpatialIndexing.csproj", "{228116DF-0833-4115-86F7-C58D296F13CC}"
EndProject
Project("{FAE04EC0-301F-11D3-BF4B-00C04F79EFBC}") = "BlueMarble.SpatialIndexing.Tests", "BlueMarble.SpatialIndexing.Tests\BlueMarble.SpatialIndexing.Tests.csproj", "{23D0B849-E23A-4026-B5C8-791EB4E647EF}"
EndProject
Global
	GlobalSection(SolutionConfigurationPlatforms) = preSolution
		Debug|Any CPU = Debug|Any CPU
		Debug|x64 = Debug|x64
		Debug|x86 = Debug|x86
		Release|Any CPU = Release|Any CPU
		Release|x64 = Release|x64
		Release|x86 = Release|x86
	EndGlobalSection
	GlobalSection(ProjectConfigurationPlatforms) = postSolution
		{228116DF-0833-4115-86F7-C58D296F13CC}.Debug|Any CPU.ActiveCfg = Debug|Any CPU
		{228116DF-0833-4115-86F7-C58D296F13CC}.Debug|Any CPU.Build.0 = Debug|Any CPU
		{228116DF-0833-4115-86F7-C58D296F13CC}.Debug|x64.ActiveCfg = Debug|Any CPU
		{228116DF-0833-4115-86F7-C58D296F13CC}.Debug|x64.Build.0 = Debug|Any CPU
		{228116DF-0833-4115-86F7-C58D296F13CC}.Debug|x86.ActiveCfg = Debug|Any CPU
		{228116DF-0833-4115-86F7-C58D296F13CC}.Debug|x86.Build.0 = Debug|Any CPU
		{228116DF-0833-4115-86F7-C58D296F13CC}.Release|Any CPU.ActiveCfg = Release|Any CPU
		{228116DF-0833-4115-86F7-C58D296F13CC}.Release|Any CPU.Build.0 = Release|Any CPU
		{228116DF-0833-4115-86F7-C58D296F13CC}.Release|x64.ActiveCfg = Release|Any CPU
		{228116DF-0833-4115-86F7-C58D296F13CC}.Release|x64.Build.0 = Release|Any CPU
		{228116DF-0833-4115-86F7-C58D296F13CC}.Release|x86.ActiveCfg = Release|Any CPU
		{228116DF-0833-4115-86F7-C58D296F13CC}.Release|x86.Build.0 = Release|Any CPU
		{23D0B849-E23A-4026-B5C8-791EB4E647EF}.Debug|Any CPU.ActiveCfg = Debug|Any CPU
		{23D0B849-E23A-4026-B5C8-791EB4E647EF}.Debug|Any CPU.Build.0 = Debug|Any CPU
		{23D0B849-E23A-4026-B5C8-791EB4E647EF}.Debug|x64.ActiveCfg = Debug|Any CPU
		{23D0B849-E23A-4026-B5C8-791EB4E647EF}.Debug|x64.Build.0 = Debug|Any CPU
		{23D0B849-E23A-4026-B5C8-791EB4E647EF}.Debug|x86.ActiveCfg = Debug|Any CPU
		{23D0B849-E23A-4026-B5C8-791EB4E647EF}.Debug|x86.Build.0 = Debug|Any CPU
		{23D0B849-E23A-4026-B5C8-791EB4E647EF}.Release|Any CPU.ActiveCfg = Release|Any CPU
		{23D0B849-E23A-4026-B5C8-791EB4E647EF}.Release|Any CPU.Build.0 = Release|Any CPU
		{23D0B849-E23A-4026-B5C8-791EB4E647EF}.Release|x64.ActiveCfg = Release|Any CPU
		{23D0B849-E23A-4026-B5C8-791EB4E647EF}.Release|x64.Build.0 = Release|Any CPU
		{23D0B849-E23A-4026-B5C8-791EB4E647EF}.Release|x86.ActiveCfg = Release|Any CPU
		{23D0B849-E23A-4026-B5C8-791EB4E647EF}.Release|x86.Build.0 = Release|Any CPU
	EndGlobalSection
	GlobalSection(SolutionProperties) = preSolution
		HideSolutionNode = FALSE
	EndGlobalSection
EndGlobal
